// !$*UTF8*$!
{
	archiveVersion = 1;
	classes = {
	};
	objectVersion = 56;
	objects = {

/* Begin PBXBuildFile section */
		9936C1C729F62AD100F8FE2E /* AppDelegate.swift in Sources */ = {isa = PBXBuildFile; fileRef = 9936C1C629F62AD100F8FE2E /* AppDelegate.swift */; };
		9936C1C929F62AD100F8FE2E /* SceneDelegate.swift in Sources */ = {isa = PBXBuildFile; fileRef = 9936C1C829F62AD100F8FE2E /* SceneDelegate.swift */; };
		9936C1CB29F62AD100F8FE2E /* ViewController.swift in Sources */ = {isa = PBXBuildFile; fileRef = 9936C1CA29F62AD100F8FE2E /* ViewController.swift */; };
		9936C1CE29F62AD100F8FE2E /* Main.storyboard in Resources */ = {isa = PBXBuildFile; fileRef = 9936C1CC29F62AD100F8FE2E /* Main.storyboard */; };
		9936C1D029F62AD300F8FE2E /* Assets.xcassets in Resources */ = {isa = PBXBuildFile; fileRef = 9936C1CF29F62AD300F8FE2E /* Assets.xcassets */; };
		9936C1D329F62AD300F8FE2E /* LaunchScreen.storyboard in Resources */ = {isa = PBXBuildFile; fileRef = 9936C1D129F62AD300F8FE2E /* LaunchScreen.storyboard */; };
		9936C1DE29F62AD300F8FE2E /* MvvmPricticnTests.swift in Sources */ = {isa = PBXBuildFile; fileRef = 9936C1DD29F62AD300F8FE2E /* MvvmPricticnTests.swift */; };
		9936C1E829F62AD300F8FE2E /* MvvmPricticnUITests.swift in Sources */ = {isa = PBXBuildFile; fileRef = 9936C1E729F62AD300F8FE2E /* MvvmPricticnUITests.swift */; };
		9936C1EA29F62AD300F8FE2E /* MvvmPricticnUITestsLaunchTests.swift in Sources */ = {isa = PBXBuildFile; fileRef = 9936C1E929F62AD300F8FE2E /* MvvmPricticnUITestsLaunchTests.swift */; };
/* End PBXBuildFile section */

/* Begin PBXContainerItemProxy section */
		9936C1DA29F62AD300F8FE2E /* PBXContainerItemProxy */ = {
			isa = PBXContainerItemProxy;
			containerPortal = 9936C1BB29F62AD100F8FE2E /* Project object */;
			proxyType = 1;
			remoteGlobalIDString = 9936C1C229F62AD100F8FE2E;
			remoteInfo = MvvmPricticn;
		};
		9936C1E429F62AD300F8FE2E /* PBXContainerItemProxy */ = {
			isa = PBXContainerItemProxy;
			containerPortal = 9936C1BB29F62AD100F8FE2E /* Project object */;
			proxyType = 1;
			remoteGlobalIDString = 9936C1C229F62AD100F8FE2E;
			remoteInfo = MvvmPricticn;
		};
/* End PBXContainerItemProxy section */

/* Begin PBXFileReference section */
		9936C1C329F62AD100F8FE2E /* MvvmPricticn.app */ = {isa = PBXFileReference; explicitFileType = wrapper.application; includeInIndex = 0; path = MvvmPricticn.app; sourceTree = BUILT_PRODUCTS_DIR; };
		9936C1C629F62AD100F8FE2E /* AppDelegate.swift */ = {isa = PBXFileReference; lastKnownFileType = sourcecode.swift; path = AppDelegate.swift; sourceTree = "<group>"; };
		9936C1C829F62AD100F8FE2E /* SceneDelegate.swift */ = {isa = PBXFileReference; lastKnownFileType = sourcecode.swift; path = SceneDelegate.swift; sourceTree = "<group>"; };
		9936C1CA29F62AD100F8FE2E /* ViewController.swift */ = {isa = PBXFileReference; lastKnownFileType = sourcecode.swift; path = ViewController.swift; sourceTree = "<group>"; };
		9936C1CD29F62AD100F8FE2E /* Base */ = {isa = PBXFileReference; lastKnownFileType = file.storyboard; name = Base; path = Base.lproj/Main.storyboard; sourceTree = "<group>"; };
		9936C1CF29F62AD300F8FE2E /* Assets.xcassets */ = {isa = PBXFileReference; lastKnownFileType = folder.assetcatalog; path = Assets.xcassets; sourceTree = "<group>"; };
		9936C1D229F62AD300F8FE2E /* Base */ = {isa = PBXFileReference; lastKnownFileType = file.storyboard; name = Base; path = Base.lproj/LaunchScreen.storyboard; sourceTree = "<group>"; };
		9936C1D429F62AD300F8FE2E /* Info.plist */ = {isa = PBXFileReference; lastKnownFileType = text.plist.xml; path = Info.plist; sourceTree = "<group>"; };
		9936C1D929F62AD300F8FE2E /* MvvmPricticnTests.xctest */ = {isa = PBXFileReference; explicitFileType = wrapper.cfbundle; includeInIndex = 0; path = MvvmPricticnTests.xctest; sourceTree = BUILT_PRODUCTS_DIR; };
		9936C1DD29F62AD300F8FE2E /* MvvmPricticnTests.swift */ = {isa = PBXFileReference; lastKnownFileType = sourcecode.swift; path = MvvmPricticnTests.swift; sourceTree = "<group>"; };
		9936C1E329F62AD300F8FE2E /* MvvmPricticnUITests.xctest */ = {isa = PBXFileReference; explicitFileType = wrapper.cfbundle; includeInIndex = 0; path = MvvmPricticnUITests.xctest; sourceTree = BUILT_PRODUCTS_DIR; };
		9936C1E729F62AD300F8FE2E /* MvvmPricticnUITests.swift */ = {isa = PBXFileReference; lastKnownFileType = sourcecode.swift; path = MvvmPricticnUITests.swift; sourceTree = "<group>"; };
		9936C1E929F62AD300F8FE2E /* MvvmPricticnUITestsLaunchTests.swift */ = {isa = PBXFileReference; lastKnownFileType = sourcecode.swift; path = MvvmPricticnUITestsLaunchTests.swift; sourceTree = "<group>"; };
/* End PBXFileReference section */

/* Begin PBXFrameworksBuildPhase section */
		9936C1C029F62AD100F8FE2E /* Frameworks */ = {
			isa = PBXFrameworksBuildPhase;
			buildActionMask = 2147483647;
			files = (
			);
			runOnlyForDeploymentPostprocessing = 0;
		};
		9936C1D629F62AD300F8FE2E /* Frameworks */ = {
			isa = PBXFrameworksBuildPhase;
			buildActionMask = 2147483647;
			files = (
			);
			runOnlyForDeploymentPostprocessing = 0;
		};
		9936C1E029F62AD300F8FE2E /* Frameworks */ = {
			isa = PBXFrameworksBuildPhase;
			buildActionMask = 2147483647;
			files = (
			);
			runOnlyForDeploymentPostprocessing = 0;
		};
/* End PBXFrameworksBuildPhase section */

/* Begin PBXGroup section */
		9936C1BA29F62AD100F8FE2E = {
			isa = PBXGroup;
			children = (
				9936C1C529F62AD100F8FE2E /* MvvmPricticn */,
				9936C1DC29F62AD300F8FE2E /* MvvmPricticnTests */,
				9936C1E629F62AD300F8FE2E /* MvvmPricticnUITests */,
				9936C1C429F62AD100F8FE2E /* Products */,
			);
			sourceTree = "<group>";
		};
		9936C1C429F62AD100F8FE2E /* Products */ = {
			isa = PBXGroup;
			children = (
				9936C1C329F62AD100F8FE2E /* MvvmPricticn.app */,
				9936C1D929F62AD300F8FE2E /* MvvmPricticnTests.xctest */,
				9936C1E329F62AD300F8FE2E /* MvvmPricticnUITests.xctest */,
			);
			name = Products;
			sourceTree = "<group>";
		};
		9936C1C529F62AD100F8FE2E /* MvvmPricticn */ = {
			isa = PBXGroup;
			children = (
				9936C1C629F62AD100F8FE2E /* AppDelegate.swift */,
				9936C1C829F62AD100F8FE2E /* SceneDelegate.swift */,
				9936C1CA29F62AD100F8FE2E /* ViewController.swift */,
				9936C1CC29F62AD100F8FE2E /* Main.storyboard */,
				9936C1CF29F62AD300F8FE2E /* Assets.xcassets */,
				9936C1D129F62AD300F8FE2E /* LaunchScreen.storyboard */,
				9936C1D429F62AD300F8FE2E /* Info.plist */,
			);
			path = MvvmPricticn;
			sourceTree = "<group>";
		};
		9936C1DC29F62AD300F8FE2E /* MvvmPricticnTests */ = {
			isa = PBXGroup;
			children = (
				9936C1DD29F62AD300F8FE2E /* MvvmPricticnTests.swift */,
			);
			path = MvvmPricticnTests;
			sourceTree = "<group>";
		};
		9936C1E629F62AD300F8FE2E /* MvvmPricticnUITests */ = {
			isa = PBXGroup;
			children = (
				9936C1E729F62AD300F8FE2E /* MvvmPricticnUITests.swift */,
				9936C1E929F62AD300F8FE2E /* MvvmPricticnUITestsLaunchTests.swift */,
			);
			path = MvvmPricticnUITests;
			sourceTree = "<group>";
		};
/* End PBXGroup section */

/* Begin PBXNativeTarget section */
		9936C1C229F62AD100F8FE2E /* MvvmPricticn */ = {
			isa = PBXNativeTarget;
			buildConfigurationList = 9936C1ED29F62AD300F8FE2E /* Build configuration list for PBXNativeTarget "MvvmPricticn" */;
			buildPhases = (
				9936C1BF29F62AD100F8FE2E /* Sources */,
				9936C1C029F62AD100F8FE2E /* Frameworks */,
				9936C1C129F62AD100F8FE2E /* Resources */,
			);
			buildRules = (
			);
			dependencies = (
			);
			name = MvvmPricticn;
			productName = MvvmPricticn;
			productReference = 9936C1C329F62AD100F8FE2E /* MvvmPricticn.app */;
			productType = "com.apple.product-type.application";
		};
		9936C1D829F62AD300F8FE2E /* MvvmPricticnTests */ = {
			isa = PBXNativeTarget;
			buildConfigurationList = 9936C1F029F62AD300F8FE2E /* Build configuration list for PBXNativeTarget "MvvmPricticnTests" */;
			buildPhases = (
				9936C1D529F62AD300F8FE2E /* Sources */,
				9936C1D629F62AD300F8FE2E /* Frameworks */,
				9936C1D729F62AD300F8FE2E /* Resources */,
			);
			buildRules = (
			);
			dependencies = (
				9936C1DB29F62AD300F8FE2E /* PBXTargetDependency */,
			);
			name = MvvmPricticnTests;
			productName = MvvmPricticnTests;
			productReference = 9936C1D929F62AD300F8FE2E /* MvvmPricticnTests.xctest */;
			productType = "com.apple.product-type.bundle.unit-test";
		};
		9936C1E229F62AD300F8FE2E /* MvvmPricticnUITests */ = {
			isa = PBXNativeTarget;
			buildConfigurationList = 9936C1F329F62AD300F8FE2E /* Build configuration list for PBXNativeTarget "MvvmPricticnUITests" */;
			buildPhases = (
				9936C1DF29F62AD300F8FE2E /* Sources */,
				9936C1E029F62AD300F8FE2E /* Frameworks */,
				9936C1E129F62AD300F8FE2E /* Resources */,
			);
			buildRules = (
			);
			dependencies = (
				9936C1E529F62AD300F8FE2E /* PBXTargetDependency */,
			);
			name = MvvmPricticnUITests;
			productName = MvvmPricticnUITests;
			productReference = 9936C1E329F62AD300F8FE2E /* MvvmPricticnUITests.xctest */;
			productType = "com.apple.product-type.bundle.ui-testing";
		};
/* End PBXNativeTarget section */

/* Begin PBXProject section */
		9936C1BB29F62AD100F8FE2E /* Project object */ = {
			isa = PBXProject;
			attributes = {
				BuildIndependentTargetsInParallel = 1;
				LastSwiftUpdateCheck = 1430;
				LastUpgradeCheck = 1430;
				TargetAttributes = {
					9936C1C229F62AD100F8FE2E = {
						CreatedOnToolsVersion = 14.3;
					};
					9936C1D829F62AD300F8FE2E = {
						CreatedOnToolsVersion = 14.3;
						TestTargetID = 9936C1C229F62AD100F8FE2E;
					};
					9936C1E229F62AD300F8FE2E = {
						CreatedOnToolsVersion = 14.3;
						TestTargetID = 9936C1C229F62AD100F8FE2E;
					};
				};
			};
			buildConfigurationList = 9936C1BE29F62AD100F8FE2E /* Build configuration list for PBXProject "MvvmPricticn" */;
			compatibilityVersion = "Xcode 14.0";
			developmentRegion = en;
			hasScannedForEncodings = 0;
			knownRegions = (
				en,
				Base,
			);
			mainGroup = 9936C1BA29F62AD100F8FE2E;
			productRefGroup = 9936C1C429F62AD100F8FE2E /* Products */;
			projectDirPath = "";
			projectRoot = "";
			targets = (
				9936C1C229F62AD100F8FE2E /* MvvmPricticn */,
				9936C1D829F62AD300F8FE2E /* MvvmPricticnTests */,
				9936C1E229F62AD300F8FE2E /* MvvmPricticnUITests */,
			);
		};
/* End PBXProject section */

/* Begin PBXResourcesBuildPhase section */
		9936C1C129F62AD100F8FE2E /* Resources */ = {
			isa = PBXResourcesBuildPhase;
			buildActionMask = 2147483647;
			files = (
				9936C1D329F62AD300F8FE2E /* LaunchScreen.storyboard in Resources */,
				9936C1D029F62AD300F8FE2E /* Assets.xcassets in Resources */,
				9936C1CE29F62AD100F8FE2E /* Main.storyboard in Resources */,
			);
			runOnlyForDeploymentPostprocessing = 0;
		};
		9936C1D729F62AD300F8FE2E /* Resources */ = {
			isa = PBXResourcesBuildPhase;
			buildActionMask = 2147483647;
			files = (
			);
			runOnlyForDeploymentPostprocessing = 0;
		};
		9936C1E129F62AD300F8FE2E /* Resources */ = {
			isa = PBXResourcesBuildPhase;
			buildActionMask = 2147483647;
			files = (
			);
			runOnlyForDeploymentPostprocessing = 0;
		};
/* End PBXResourcesBuildPhase section */

/* Begin PBXSourcesBuildPhase section */
		9936C1BF29F62AD100F8FE2E /* Sources */ = {
			isa = PBXSourcesBuildPhase;
			buildActionMask = 2147483647;
			files = (
				9936C1CB29F62AD100F8FE2E /* ViewController.swift in Sources */,
				9936C1C729F62AD100F8FE2E /* AppDelegate.swift in Sources */,
				9936C1C929F62AD100F8FE2E /* SceneDelegate.swift in Sources */,
			);
			runOnlyForDeploymentPostprocessing = 0;
		};
		9936C1D529F62AD300F8FE2E /* Sources */ = {
			isa = PBXSourcesBuildPhase;
			buildActionMask = 2147483647;
			files = (
				9936C1DE29F62AD300F8FE2E /* MvvmPricticnTests.swift in Sources */,
			);
			runOnlyForDeploymentPostprocessing = 0;
		};
		9936C1DF29F62AD300F8FE2E /* Sources */ = {
			isa = PBXSourcesBuildPhase;
			buildActionMask = 2147483647;
			files = (
				9936C1EA29F62AD300F8FE2E /* MvvmPricticnUITestsLaunchTests.swift in Sources */,
				9936C1E829F62AD300F8FE2E /* MvvmPricticnUITests.swift in Sources */,
			);
			runOnlyForDeploymentPostprocessing = 0;
		};
/* End PBXSourcesBuildPhase section */

/* Begin PBXTargetDependency section */
		9936C1DB29F62AD300F8FE2E /* PBXTargetDependency */ = {
			isa = PBXTargetDependency;
			target = 9936C1C229F62AD100F8FE2E /* MvvmPricticn */;
			targetProxy = 9936C1DA29F62AD300F8FE2E /* PBXContainerItemProxy */;
		};
		9936C1E529F62AD300F8FE2E /* PBXTargetDependency */ = {
			isa = PBXTargetDependency;
			target = 9936C1C229F62AD100F8FE2E /* MvvmPricticn */;
			targetProxy = 9936C1E429F62AD300F8FE2E /* PBXContainerItemProxy */;
		};
/* End PBXTargetDependency section */

/* Begin PBXVariantGroup section */
		9936C1CC29F62AD100F8FE2E /* Main.storyboard */ = {
			isa = PBXVariantGroup;
			children = (
				9936C1CD29F62AD100F8FE2E /* Base */,
			);
			name = Main.storyboard;
			sourceTree = "<group>";
		};
		9936C1D129F62AD300F8FE2E /* LaunchScreen.storyboard */ = {
			isa = PBXVariantGroup;
			children = (
				9936C1D229F62AD300F8FE2E /* Base */,
			);
			name = LaunchScreen.storyboard;
			sourceTree = "<group>";
		};
/* End PBXVariantGroup section */

/* Begin XCBuildConfiguration section */
		9936C1EB29F62AD300F8FE2E /* Debug */ = {
			isa = XCBuildConfiguration;
			buildSettings = {
				ALWAYS_SEARCH_USER_PATHS = NO;
				CLANG_ANALYZER_NONNULL = YES;
				CLANG_ANALYZER_NUMBER_OBJECT_CONVERSION = YES_AGGRESSIVE;
				CLANG_CXX_LANGUAGE_STANDARD = "gnu++20";
				CLANG_ENABLE_MODULES = YES;
				CLANG_ENABLE_OBJC_ARC = YES;
				CLANG_ENABLE_OBJC_WEAK = YES;
				CLANG_WARN_BLOCK_CAPTURE_AUTORELEASING = YES;
				CLANG_WARN_BOOL_CONVERSION = YES;
				CLANG_WARN_COMMA = YES;
				CLANG_WARN_CONSTANT_CONVERSION = YES;
				CLANG_WARN_DEPRECATED_OBJC_IMPLEMENTATIONS = YES;
				CLANG_WARN_DIRECT_OBJC_ISA_USAGE = YES_ERROR;
				CLANG_WARN_DOCUMENTATION_COMMENTS = YES;
				CLANG_WARN_EMPTY_BODY = YES;
				CLANG_WARN_ENUM_CONVERSION = YES;
				CLANG_WARN_INFINITE_RECURSION = YES;
				CLANG_WARN_INT_CONVERSION = YES;
				CLANG_WARN_NON_LITERAL_NULL_CONVERSION = YES;
				CLANG_WARN_OBJC_IMPLICIT_RETAIN_SELF = YES;
				CLANG_WARN_OBJC_LITERAL_CONVERSION = YES;
				CLANG_WARN_OBJC_ROOT_CLASS = YES_ERROR;
				CLANG_WARN_QUOTED_INCLUDE_IN_FRAMEWORK_HEADER = YES;
				CLANG_WARN_RANGE_LOOP_ANALYSIS = YES;
				CLANG_WARN_STRICT_PROTOTYPES = YES;
				CLANG_WARN_SUSPICIOUS_MOVE = YES;
				CLANG_WARN_UNGUARDED_AVAILABILITY = YES_AGGRESSIVE;
				CLANG_WARN_UNREACHABLE_CODE = YES;
				CLANG_WARN__DUPLICATE_METHOD_MATCH = YES;
				COPY_PHASE_STRIP = NO;
				DEBUG_INFORMATION_FORMAT = dwarf;
				ENABLE_STRICT_OBJC_MSGSEND = YES;
				ENABLE_TESTABILITY = YES;
				GCC_C_LANGUAGE_STANDARD = gnu11;
				GCC_DYNAMIC_NO_PIC = NO;
				GCC_NO_COMMON_BLOCKS = YES;
				GCC_OPTIMIZATION_LEVEL = 0;
				GCC_PREPROCESSOR_DEFINITIONS = (
					"DEBUG=1",
					"$(inherited)",
				);
				GCC_WARN_64_TO_32_BIT_CONVERSION = YES;
				GCC_WARN_ABOUT_RETURN_TYPE = YES_ERROR;
				GCC_WARN_UNDECLARED_SELECTOR = YES;
				GCC_WARN_UNINITIALIZED_AUTOS = YES_AGGRESSIVE;
				GCC_WARN_UNUSED_FUNCTION = YES;
				GCC_WARN_UNUSED_VARIABLE = YES;
				IPHONEOS_DEPLOYMENT_TARGET = 16.4;
				MTL_ENABLE_DEBUG_INFO = INCLUDE_SOURCE;
				MTL_FAST_MATH = YES;
				ONLY_ACTIVE_ARCH = YES;
				SDKROOT = iphoneos;
				SWIFT_ACTIVE_COMPILATION_CONDITIONS = DEBUG;
				SWIFT_OPTIMIZATION_LEVEL = "-Onone";
			};
			name = Debug;
		};
		9936C1EC29F62AD300F8FE2E /* Release */ = {
			isa = XCBuildConfiguration;
			buildSettings = {
				ALWAYS_SEARCH_USER_PATHS = NO;
				CLANG_ANALYZER_NONNULL = YES;
				CLANG_ANALYZER_NUMBER_OBJECT_CONVERSION = YES_AGGRESSIVE;
				CLANG_CXX_LANGUAGE_STANDARD = "gnu++20";
				CLANG_ENABLE_MODULES = YES;
				CLANG_ENABLE_OBJC_ARC = YES;
				CLANG_ENABLE_OBJC_WEAK = YES;
				CLANG_WARN_BLOCK_CAPTURE_AUTORELEASING = YES;
				CLANG_WARN_BOOL_CONVERSION = YES;
				CLANG_WARN_COMMA = YES;
				CLANG_WARN_CONSTANT_CONVERSION = YES;
				CLANG_WARN_DEPRECATED_OBJC_IMPLEMENTATIONS = YES;
				CLANG_WARN_DIRECT_OBJC_ISA_USAGE = YES_ERROR;
				CLANG_WARN_DOCUMENTATION_COMMENTS = YES;
				CLANG_WARN_EMPTY_BODY = YES;
				CLANG_WARN_ENUM_CONVERSION = YES;
				CLANG_WARN_INFINITE_RECURSION = YES;
				CLANG_WARN_INT_CONVERSION = YES;
				CLANG_WARN_NON_LITERAL_NULL_CONVERSION = YES;
				CLANG_WARN_OBJC_IMPLICIT_RETAIN_SELF = YES;
				CLANG_WARN_OBJC_LITERAL_CONVERSION = YES;
				CLANG_WARN_OBJC_ROOT_CLASS = YES_ERROR;
				CLANG_WARN_QUOTED_INCLUDE_IN_FRAMEWORK_HEADER = YES;
				CLANG_WARN_RANGE_LOOP_ANALYSIS = YES;
				CLANG_WARN_STRICT_PROTOTYPES = YES;
				CLANG_WARN_SUSPICIOUS_MOVE = YES;
				CLANG_WARN_UNGUARDED_AVAILABILITY = YES_AGGRESSIVE;
				CLANG_WARN_UNREACHABLE_CODE = YES;
				CLANG_WARN__DUPLICATE_METHOD_MATCH = YES;
				COPY_PHASE_STRIP = NO;
				DEBUG_INFORMATION_FORMAT = "dwarf-with-dsym";
				ENABLE_NS_ASSERTIONS = NO;
				ENABLE_STRICT_OBJC_MSGSEND = YES;
				GCC_C_LANGUAGE_STANDARD = gnu11;
				GCC_NO_COMMON_BLOCKS = YES;
				GCC_WARN_64_TO_32_BIT_CONVERSION = YES;
				GCC_WARN_ABOUT_RETURN_TYPE = YES_ERROR;
				GCC_WARN_UNDECLARED_SELECTOR = YES;
				GCC_WARN_UNINITIALIZED_AUTOS = YES_AGGRESSIVE;
				GCC_WARN_UNUSED_FUNCTION = YES;
				GCC_WARN_UNUSED_VARIABLE = YES;
				IPHONEOS_DEPLOYMENT_TARGET = 16.4;
				MTL_ENABLE_DEBUG_INFO = NO;
				MTL_FAST_MATH = YES;
				SDKROOT = iphoneos;
				SWIFT_COMPILATION_MODE = wholemodule;
				SWIFT_OPTIMIZATION_LEVEL = "-O";
				VALIDATE_PRODUCT = YES;
			};
			name = Release;
		};
		9936C1EE29F62AD300F8FE2E /* Debug */ = {
			isa = XCBuildConfiguration;
			buildSettings = {
				ASSETCATALOG_COMPILER_APPICON_NAME = AppIcon;
				ASSETCATALOG_COMPILER_GLOBAL_ACCENT_COLOR_NAME = AccentColor;
				CODE_SIGN_STYLE = Automatic;
				CURRENT_PROJECT_VERSION = 1;
				GENERATE_INFOPLIST_FILE = YES;
				INFOPLIST_FILE = MvvmPricticn/Info.plist;
				INFOPLIST_KEY_UIApplicationSupportsIndirectInputEvents = YES;
				INFOPLIST_KEY_UILaunchStoryboardName = LaunchScreen;
				INFOPLIST_KEY_UIMainStoryboardFile = Main;
				INFOPLIST_KEY_UISupportedInterfaceOrientations_iPad = "UIInterfaceOrientationPortrait UIInterfaceOrientationPortraitUpsideDown UIInterfaceOrientationLandscapeLeft UIInterfaceOrientationLandscapeRight";
				INFOPLIST_KEY_UISupportedInterfaceOrientations_iPhone = "UIInterfaceOrientationPortrait UIInterfaceOrientationLandscapeLeft UIInterfaceOrientationLandscapeRight";
				LD_RUNPATH_SEARCH_PATHS = (
					"$(inherited)",
					"@executable_path/Frameworks",
				);
				MARKETING_VERSION = 1.0;
				PRODUCT_BUNDLE_IDENTIFIER = com.parth.MvvmPricticn;
				PRODUCT_NAME = "$(TARGET_NAME)";
				SWIFT_EMIT_LOC_STRINGS = YES;
				SWIFT_VERSION = 5.0;
				TARGETED_DEVICE_FAMILY = "1,2";
			};
			name = Debug;
		};
		9936C1EF29F62AD300F8FE2E /* Release */ = {
			isa = XCBuildConfiguration;
			buildSettings = {
				ASSETCATALOG_COMPILER_APPICON_NAME = AppIcon;
				ASSETCATALOG_COMPILER_GLOBAL_ACCENT_COLOR_NAME = AccentColor;
				CODE_SIGN_STYLE = Automatic;
				CURRENT_PROJECT_VERSION = 1;
				GENERATE_INFOPLIST_FILE = YES;
				INFOPLIST_FILE = MvvmPricticn/Info.plist;
				INFOPLIST_KEY_UIApplicationSupportsIndirectInputEvents = YES;
				INFOPLIST_KEY_UILaunchStoryboardName = LaunchScreen;
				INFOPLIST_KEY_UIMainStoryboardFile = Main;
				INFOPLIST_KEY_UISupportedInterfaceOrientations_iPad = "UIInterfaceOrientationPortrait UIInterfaceOrientationPortraitUpsideDown UIInterfaceOrientationLandscapeLeft UIInterfaceOrientationLandscapeRight";
				INFOPLIST_KEY_UISupportedInterfaceOrientations_iPhone = "UIInterfaceOrientationPortrait UIInterfaceOrientationLandscapeLeft UIInterfaceOrientationLandscapeRight";
				LD_RUNPATH_SEARCH_PATHS = (
					"$(inherited)",
					"@executable_path/Frameworks",
				);
				MARKETING_VERSION = 1.0;
				PRODUCT_BUNDLE_IDENTIFIER = com.parth.MvvmPricticn;
				PRODUCT_NAME = "$(TARGET_NAME)";
				SWIFT_EMIT_LOC_STRINGS = YES;
				SWIFT_VERSION = 5.0;
				TARGETED_DEVICE_FAMILY = "1,2";
			};
			name = Release;
		};
		9936C1F129F62AD300F8FE2E /* Debug */ = {
			isa = XCBuildConfiguration;
			buildSettings = {
				ALWAYS_EMBED_SWIFT_STANDARD_LIBRARIES = YES;
				BUNDLE_LOADER = "$(TEST_HOST)";
				CODE_SIGN_STYLE = Automatic;
				CURRENT_PROJECT_VERSION = 1;
				GENERATE_INFOPLIST_FILE = YES;
				IPHONEOS_DEPLOYMENT_TARGET = 16.4;
				MARKETING_VERSION = 1.0;
				PRODUCT_BUNDLE_IDENTIFIER = com.parth.MvvmPricticnTests;
				PRODUCT_NAME = "$(TARGET_NAME)";
				SWIFT_EMIT_LOC_STRINGS = NO;
				SWIFT_VERSION = 5.0;
				TARGETED_DEVICE_FAMILY = "1,2";
				TEST_HOST = "$(BUILT_PRODUCTS_DIR)/MvvmPricticn.app/$(BUNDLE_EXECUTABLE_FOLDER_PATH)/MvvmPricticn";
			};
			name = Debug;
		};
		9936C1F229F62AD300F8FE2E /* Release */ = {
			isa = XCBuildConfiguration;
			buildSettings = {
				ALWAYS_EMBED_SWIFT_STANDARD_LIBRARIES = YES;
				BUNDLE_LOADER = "$(TEST_HOST)";
				CODE_SIGN_STYLE = Automatic;
				CURRENT_PROJECT_VERSION = 1;
				GENERATE_INFOPLIST_FILE = YES;
				IPHONEOS_DEPLOYMENT_TARGET = 16.4;
				MARKETING_VERSION = 1.0;
				PRODUCT_BUNDLE_IDENTIFIER = com.parth.MvvmPricticnTests;
				PRODUCT_NAME = "$(TARGET_NAME)";
				SWIFT_EMIT_LOC_STRINGS = NO;
				SWIFT_VERSION = 5.0;
				TARGETED_DEVICE_FAMILY = "1,2";
				TEST_HOST = "$(BUILT_PRODUCTS_DIR)/MvvmPricticn.app/$(BUNDLE_EXECUTABLE_FOLDER_PATH)/MvvmPricticn";
			};
			name = Release;
		};
		9936C1F429F62AD300F8FE2E /* Debug */ = {
			isa = XCBuildConfiguration;
			buildSettings = {
				ALWAYS_EMBED_SWIFT_STANDARD_LIBRARIES = YES;
				CODE_SIGN_STYLE = Automatic;
				CURRENT_PROJECT_VERSION = 1;
				GENERATE_INFOPLIST_FILE = YES;
				MARKETING_VERSION = 1.0;
				PRODUCT_BUNDLE_IDENTIFIER = com.parth.MvvmPricticnUITests;
				PRODUCT_NAME = "$(TARGET_NAME)";
				SWIFT_EMIT_LOC_STRINGS = NO;
				SWIFT_VERSION = 5.0;
				TARGETED_DEVICE_FAMILY = "1,2";
				TEST_TARGET_NAME = MvvmPricticn;
			};
			name = Debug;
		};
		9936C1F529F62AD300F8FE2E /* Release */ = {
			isa = XCBuildConfiguration;
			buildSettings = {
				ALWAYS_EMBED_SWIFT_STANDARD_LIBRARIES = YES;
				CODE_SIGN_STYLE = Automatic;
				CURRENT_PROJECT_VERSION = 1;
				GENERATE_INFOPLIST_FILE = YES;
				MARKETING_VERSION = 1.0;
				PRODUCT_BUNDLE_IDENTIFIER = com.parth.MvvmPricticnUITests;
				PRODUCT_NAME = "$(TARGET_NAME)";
				SWIFT_EMIT_LOC_STRINGS = NO;
				SWIFT_VERSION = 5.0;
				TARGETED_DEVICE_FAMILY = "1,2";
				TEST_TARGET_NAME = MvvmPricticn;
			};
			name = Release;
		};
/* End XCBuildConfiguration section */

/* Begin XCConfigurationList section */
		9936C1BE29F62AD100F8FE2E /* Build configuration list for PBXProject "MvvmPricticn" */ = {
			isa = XCConfigurationList;
			buildConfigurations = (
				9936C1EB29F62AD300F8FE2E /* Debug */,
				9936C1EC29F62AD300F8FE2E /* Release */,
			);
			defaultConfigurationIsVisible = 0;
			defaultConfigurationName = Release;
		};
		9936C1ED29F62AD300F8FE2E /* Build configuration list for PBXNativeTarget "MvvmPricticn" */ = {
			isa = XCConfigurationList;
			buildConfigurations = (
				9936C1EE29F62AD300F8FE2E /* Debug */,
				9936C1EF29F62AD300F8FE2E /* Release */,
			);
			defaultConfigurationIsVisible = 0;
			defaultConfigurationName = Release;
		};
		9936C1F029F62AD300F8FE2E /* Build configuration list for PBXNativeTarget "MvvmPricticnTests" */ = {
			isa = XCConfigurationList;
			buildConfigurations = (
				9936C1F129F62AD300F8FE2E /* Debug */,
				9936C1F229F62AD300F8FE2E /* Release */,
			);
			defaultConfigurationIsVisible = 0;
			defaultConfigurationName = Release;
		};
		9936C1F329F62AD300F8FE2E /* Build configuration list for PBXNativeTarget "MvvmPricticnUITests" */ = {
			isa = XCConfigurationList;
			buildConfigurations = (
				9936C1F429F62AD300F8FE2E /* Debug */,
				9936C1F529F62AD300F8FE2E /* Release */,
			);
			defaultConfigurationIsVisible = 0;
			defaultConfigurationName = Release;
		};
/* End XCConfigurationList section */
	};
	rootObject = 9936C1BB29F62AD100F8FE2E /* Project object */;
}
